# This file was autogenerated by Stack.
# You should not edit this file by hand.
# For more information, please see the documentation at:
#   https://docs.haskellstack.org/en/stable/lock_files

packages:
- completed:
    hackage: HTTP-4000.3.12@sha256:0c551ef7495be186408848c125163af372b2916e4964b72cc7fa111beeef86bf,6008
    pantry-tree:
      size: 1428
      sha256: 1e790f86b0bc29eea8d052f32d13bc3d5373172e8270f0a3a0b2fe1872f3d5bc
  original:
    hackage: HTTP-4000.3.12@sha256:0c551ef7495be186408848c125163af372b2916e4964b72cc7fa111beeef86bf,6008
snapshots:
- completed:
    size: 524799
    url: https://raw.githubusercontent.com/commercialhaskell/stackage-snapshots/master/lts/14/17.yaml
    sha256: 1d72b33c0fc048e23f4f18fd76a6ad79dd1d8a3c054644098a71a09855e40c7c
  original: lts-14.17
